
Microsoft Visual Studio Solution File, Format Version 12.00
# Visual Studio Version 17
VisualStudioVersion = 17.7.34031.279
MinimumVisualStudioVersion = 10.0.40219.1
Project("{F184B08F-C81C-45F6-A57F-5ABD9991F28F}") = "5-1", "5-1.vbproj", "{3A6CC83F-8A02-41A2-8228-1E3372DBE1C0}"
EndProject
Global
	GlobalSection(SolutionConfigurationPlatforms) = preSolution
		Debug|Any CPU = Debug|Any CPU
		Release|Any CPU = Release|Any CPU
	EndGlobalSection
	GlobalSection(ProjectConfigurationPlatforms) = postSolution
		{3A6CC83F-8A02-41A2-8228-1E3372DBE1C0}.Debug|Any CPU.ActiveCfg = Debug|Any CPU
		{3A6CC83F-8A02-41A2-8228-1E3372DBE1C0}.Debug|Any CPU.Build.0 = Debug|Any CPU
		{3A6CC83F-8A02-41A2-8228-1E3372DBE1C0}.Release|Any CPU.ActiveCfg = Release|Any CPU
		{3A6CC83F-8A02-41A2-8228-1E3372DBE1C0}.Release|Any CPU.Build.0 = Release|Any CPU
	EndGlobalSection
	GlobalSection(SolutionProperties) = preSolution
		HideSolutionNode = FALSE
	EndGlobalSection
	GlobalSection(ExtensibilityGlobals) = postSolution
		SolutionGuid = {D8FBDFAE-8B26-4E73-A4D6-5F3C91C40999}
	EndGlobalSection
EndGlobal
